
Microsoft Visual Studio Solution File, Format Version 12.00
# Visual Studio Version 17
VisualStudioVersion = 17.4.33122.133
MinimumVisualStudioVersion = 10.0.40219.1
Project("{9A19103F-16F7-4668-BE54-9A1E7A4F7556}") = "OnlineShop.Web", "OnlineShop.Web\OnlineShop.Web.csproj", "{992CB744-4CDA-4B2C-87DE-C185002351DB}"
EndProject
Project("{9A19103F-16F7-4668-BE54-9A1E7A4F7556}") = "OnlineShop.Api", "OnlineShop.Api\OnlineShop.Api.csproj", "{A072495B-9290-48E4-9940-8E651000FBC2}"
EndProject
Project("{9A19103F-16F7-4668-BE54-9A1E7A4F7556}") = "OnlineShop.Models", "OnlineShop.Models\OnlineShop.Models.csproj", "{E3367FAB-2174-4A8B-AACC-E7F59172FCBF}"
EndProject
Global
	GlobalSection(SolutionConfigurationPlatforms) = preSolution
		Debug|Any CPU = Debug|Any CPU
		Release|Any CPU = Release|Any CPU
	EndGlobalSection
	GlobalSection(ProjectConfigurationPlatforms) = postSolution
		{992CB744-4CDA-4B2C-87DE-C185002351DB}.Debug|Any CPU.ActiveCfg = Debug|Any CPU
		{992CB744-4CDA-4B2C-87DE-C185002351DB}.Debug|Any CPU.Build.0 = Debug|Any CPU
		{992CB744-4CDA-4B2C-87DE-C185002351DB}.Release|Any CPU.ActiveCfg = Release|Any CPU
		{992CB744-4CDA-4B2C-87DE-C185002351DB}.Release|Any CPU.Build.0 = Release|Any CPU
		{A072495B-9290-48E4-9940-8E651000FBC2}.Debug|Any CPU.ActiveCfg = Debug|Any CPU
		{A072495B-9290-48E4-9940-8E651000FBC2}.Debug|Any CPU.Build.0 = Debug|Any CPU
		{A072495B-9290-48E4-9940-8E651000FBC2}.Release|Any CPU.ActiveCfg = Release|Any CPU
		{A072495B-9290-48E4-9940-8E651000FBC2}.Release|Any CPU.Build.0 = Release|Any CPU
		{E3367FAB-2174-4A8B-AACC-E7F59172FCBF}.Debug|Any CPU.ActiveCfg = Debug|Any CPU
		{E3367FAB-2174-4A8B-AACC-E7F59172FCBF}.Debug|Any CPU.Build.0 = Debug|Any CPU
		{E3367FAB-2174-4A8B-AACC-E7F59172FCBF}.Release|Any CPU.ActiveCfg = Release|Any CPU
		{E3367FAB-2174-4A8B-AACC-E7F59172FCBF}.Release|Any CPU.Build.0 = Release|Any CPU
	EndGlobalSection
	GlobalSection(SolutionProperties) = preSolution
		HideSolutionNode = FALSE
	EndGlobalSection
	GlobalSection(ExtensibilityGlobals) = postSolution
		SolutionGuid = {8B969189-AABB-4575-AF7C-D4AE6C5BBB9C}
	EndGlobalSection
EndGlobal
